
Microsoft Visual Studio Solution File, Format Version 12.00
# Visual Studio Version 17
VisualStudioVersion = 17.3.32901.215
MinimumVisualStudioVersion = 10.0.40219.1
Project("{FAE04EC0-301F-11D3-BF4B-00C04F79EFBC}") = "WebAPI", "WebAPI\WebAPI.csproj", "{383B6D06-4CD5-4372-B29A-F2C6E1165083}"
EndProject
Project("{FAE04EC0-301F-11D3-BF4B-00C04F79EFBC}") = "ModelLib", "ModelLib\ModelLib.csproj", "{D9676199-D693-4876-827F-190B072CB83D}"
EndProject
Global
	GlobalSection(SolutionConfigurationPlatforms) = preSolution
		Debug|Any CPU = Debug|Any CPU
		Release|Any CPU = Release|Any CPU
	EndGlobalSection
	GlobalSection(ProjectConfigurationPlatforms) = postSolution
		{383B6D06-4CD5-4372-B29A-F2C6E1165083}.Debug|Any CPU.ActiveCfg = Debug|Any CPU
		{383B6D06-4CD5-4372-B29A-F2C6E1165083}.Debug|Any CPU.Build.0 = Debug|Any CPU
		{383B6D06-4CD5-4372-B29A-F2C6E1165083}.Release|Any CPU.ActiveCfg = Release|Any CPU
		{383B6D06-4CD5-4372-B29A-F2C6E1165083}.Release|Any CPU.Build.0 = Release|Any CPU
		{D9676199-D693-4876-827F-190B072CB83D}.Debug|Any CPU.ActiveCfg = Debug|Any CPU
		{D9676199-D693-4876-827F-190B072CB83D}.Debug|Any CPU.Build.0 = Debug|Any CPU
		{D9676199-D693-4876-827F-190B072CB83D}.Release|Any CPU.ActiveCfg = Release|Any CPU
		{D9676199-D693-4876-827F-190B072CB83D}.Release|Any CPU.Build.0 = Release|Any CPU
	EndGlobalSection
	GlobalSection(SolutionProperties) = preSolution
		HideSolutionNode = FALSE
	EndGlobalSection
	GlobalSection(ExtensibilityGlobals) = postSolution
		SolutionGuid = {9F20F9B9-4680-46DC-9642-A503EC0A3103}
	EndGlobalSection
EndGlobal
